
Microsoft Visual Studio Solution File, Format Version 12.00
# Visual Studio Version 16
VisualStudioVersion = 25.0.1705.0
MinimumVisualStudioVersion = 10.0.40219.1
Project("{FAE04EC0-301F-11D3-BF4B-00C04F79EFBC}") = "Road_Safetys", "Road_Safetys\Road_Safetys.csproj", "{0DF080A6-FA72-4F3D-B1A4-2C830B62BCF1}"
EndProject
Global
	GlobalSection(SolutionConfigurationPlatforms) = preSolution
		Debug|Any CPU = Debug|Any CPU
		Release|Any CPU = Release|Any CPU
	EndGlobalSection
	GlobalSection(ProjectConfigurationPlatforms) = postSolution
		{0DF080A6-FA72-4F3D-B1A4-2C830B62BCF1}.Debug|Any CPU.ActiveCfg = Debug|Any CPU
		{0DF080A6-FA72-4F3D-B1A4-2C830B62BCF1}.Debug|Any CPU.Build.0 = Debug|Any CPU
		{0DF080A6-FA72-4F3D-B1A4-2C830B62BCF1}.Release|Any CPU.ActiveCfg = Release|Any CPU
		{0DF080A6-FA72-4F3D-B1A4-2C830B62BCF1}.Release|Any CPU.Build.0 = Release|Any CPU
	EndGlobalSection
	GlobalSection(SolutionProperties) = preSolution
		HideSolutionNode = FALSE
	EndGlobalSection
	GlobalSection(ExtensibilityGlobals) = postSolution
		SolutionGuid = {8D419A3A-4C97-48B0-BF0C-EC17D33B5510}
	EndGlobalSection
EndGlobal
